Microsoft Visual Studio Solution File, Format Version 12.00
# Visual Studio Version 17
VisualStudioVersion = 17.5.2.0
MinimumVisualStudioVersion = 10.0.40219.1
Project("{FAE04EC0-301F-11D3-BF4B-00C04F79EFBC}") = "LotusAscend", "LotusAscend.csproj", "{6F39F8AE-2A59-3C88-0770-8F3AD8BCF29E}"
EndProject
Global
	GlobalSection(SolutionConfigurationPlatforms) = preSolution
		Debug|Any CPU = Debug|Any CPU
		Release|Any CPU = Release|Any CPU
	EndGlobalSection
	GlobalSection(ProjectConfigurationPlatforms) = postSolution
		{6F39F8AE-2A59-3C88-0770-8F3AD8BCF29E}.Debug|Any CPU.ActiveCfg = Debug|Any CPU
		{6F39F8AE-2A59-3C88-0770-8F3AD8BCF29E}.Debug|Any CPU.Build.0 = Debug|Any CPU
		{6F39F8AE-2A59-3C88-0770-8F3AD8BCF29E}.Release|Any CPU.ActiveCfg = Release|Any CPU
		{6F39F8AE-2A59-3C88-0770-8F3AD8BCF29E}.Release|Any CPU.Build.0 = Release|Any CPU
	EndGlobalSection
	GlobalSection(SolutionProperties) = preSolution
		HideSolutionNode = FALSE
	EndGlobalSection
	GlobalSection(ExtensibilityGlobals) = postSolution
		SolutionGuid = {7BD40C1B-9916-4F95-BA0B-05A6DF243653}
	EndGlobalSection
EndGlobal
